
Microsoft Visual Studio Solution File, Format Version 12.00
# Visual Studio 15
Project("{FAE04EC0-301F-11D3-BF4B-00C04F79EFBC}") = "Assembly-CSharp", "Assembly-CSharp.csproj", "{0585659E-949C-EF20-6C1C-1AA9F2E03614}"
EndProject
Project("{FAE04EC0-301F-11D3-BF4B-00C04F79EFBC}") = "Assembly-CSharp-firstpass", "Assembly-CSharp-firstpass.csproj", "{23647F41-BBF2-CB6C-42BA-4D90470541CD}"
EndProject
Project("{FAE04EC0-301F-11D3-BF4B-00C04F79EFBC}") = "Assembly-CSharp-Editor", "Assembly-CSharp-Editor.csproj", "{C211F92D-4B13-430F-2418-F3EE81D1569D}"
EndProject
Global
	GlobalSection(SolutionConfigurationPlatforms) = preSolution
		Debug|Any CPU = Debug|Any CPU
		Release|Any CPU = Release|Any CPU
	EndGlobalSection
	GlobalSection(ProjectConfigurationPlatforms) = postSolution
		{0585659E-949C-EF20-6C1C-1AA9F2E03614}.Debug|Any CPU.ActiveCfg = Debug|Any CPU
		{0585659E-949C-EF20-6C1C-1AA9F2E03614}.Debug|Any CPU.Build.0 = Debug|Any CPU
		{0585659E-949C-EF20-6C1C-1AA9F2E03614}.Release|Any CPU.ActiveCfg = Release|Any CPU
		{0585659E-949C-EF20-6C1C-1AA9F2E03614}.Release|Any CPU.Build.0 = Release|Any CPU
		{23647F41-BBF2-CB6C-42BA-4D90470541CD}.Debug|Any CPU.ActiveCfg = Debug|Any CPU
		{23647F41-BBF2-CB6C-42BA-4D90470541CD}.Debug|Any CPU.Build.0 = Debug|Any CPU
		{23647F41-BBF2-CB6C-42BA-4D90470541CD}.Release|Any CPU.ActiveCfg = Release|Any CPU
		{23647F41-BBF2-CB6C-42BA-4D90470541CD}.Release|Any CPU.Build.0 = Release|Any CPU
		{C211F92D-4B13-430F-2418-F3EE81D1569D}.Debug|Any CPU.ActiveCfg = Debug|Any CPU
		{C211F92D-4B13-430F-2418-F3EE81D1569D}.Debug|Any CPU.Build.0 = Debug|Any CPU
		{C211F92D-4B13-430F-2418-F3EE81D1569D}.Release|Any CPU.ActiveCfg = Release|Any CPU
		{C211F92D-4B13-430F-2418-F3EE81D1569D}.Release|Any CPU.Build.0 = Release|Any CPU
	EndGlobalSection
	GlobalSection(SolutionProperties) = preSolution
		HideSolutionNode = FALSE
	EndGlobalSection
EndGlobal
